
Microsoft Visual Studio Solution File, Format Version 12.00
# Visual Studio Version 17
VisualStudioVersion = 17.5.002.0
MinimumVisualStudioVersion = 10.0.40219.1
Project("{9A19103F-16F7-4668-BE54-9A1E7A4F7556}") = "UserManagementSystem", "UserManagementSystem.csproj", "{BAA1B070-4EC2-4605-9E93-CB6FD9305E5D}"
EndProject
Global
	GlobalSection(SolutionConfigurationPlatforms) = preSolution
		Debug|Any CPU = Debug|Any CPU
		Release|Any CPU = Release|Any CPU
	EndGlobalSection
	GlobalSection(ProjectConfigurationPlatforms) = postSolution
		{BAA1B070-4EC2-4605-9E93-CB6FD9305E5D}.Debug|Any CPU.ActiveCfg = Debug|Any CPU
		{BAA1B070-4EC2-4605-9E93-CB6FD9305E5D}.Debug|Any CPU.Build.0 = Debug|Any CPU
		{BAA1B070-4EC2-4605-9E93-CB6FD9305E5D}.Release|Any CPU.ActiveCfg = Release|Any CPU
		{BAA1B070-4EC2-4605-9E93-CB6FD9305E5D}.Release|Any CPU.Build.0 = Release|Any CPU
	EndGlobalSection
	GlobalSection(SolutionProperties) = preSolution
		HideSolutionNode = FALSE
	EndGlobalSection
	GlobalSection(ExtensibilityGlobals) = postSolution
		SolutionGuid = {8B52DD0A-5647-4F74-8D78-6E52DC467CD6}
	EndGlobalSection
EndGlobal
